
Microsoft Visual Studio Solution File, Format Version 12.00
# Visual Studio 15
VisualStudioVersion = 15.0.25618.0
MinimumVisualStudioVersion = 10.0.40219.1
Project("{2150E333-8FDC-42A3-9474-1A3956D46DE8}") = "Solution Items", "Solution Items", "{5A695301-8DDE-42DF-BB1C-0F308F94AFF6}"
	ProjectSection(SolutionItems) = preProject
		IPython Notebooks\Arduino IOT.ipynb = IPython Notebooks\Arduino IOT.ipynb
		data\argo-profiles-4901664.nc = data\argo-profiles-4901664.nc
		data\argo-trajectory-4901664.nc = data\argo-trajectory-4901664.nc
		data\argo_readme.txt = data\argo_readme.txt
		images\Azure ML Studio Experiment.png = images\Azure ML Studio Experiment.png
		images\Azure Resource Explorer screencap.png = images\Azure Resource Explorer screencap.png
		IPython Notebooks\BDS.ipynb = IPython Notebooks\BDS.ipynb
		images\BDS_Provenance_All.png = images\BDS_Provenance_All.png
		images\BDS_Provenance_Detail.png = images\BDS_Provenance_Detail.png
		images\bing search python image resize.png = images\bing search python image resize.png
		images\Blob Diagram.png = images\Blob Diagram.png
		IPython Notebooks\Boats.ipynb = IPython Notebooks\Boats.ipynb
		images\bridge-in-cloud.jpg = images\bridge-in-cloud.jpg
		IPython Notebooks\Canine Longitudinal Aging Study.ipynb = IPython Notebooks\Canine Longitudinal Aging Study.ipynb
		IPython Notebooks\Cloud Day Talk.ipynb = IPython Notebooks\Cloud Day Talk.ipynb
		DocumentingDjango_rob5araldif_screencaps_and_notes.rtf = DocumentingDjango_rob5araldif_screencaps_and_notes.rtf
		images\Fresnel_equations_Wikipedia.png = images\Fresnel_equations_Wikipedia.png
		IPython Notebooks\How To.ipynb = IPython Notebooks\How To.ipynb
		images\kilroy.png = images\kilroy.png
		images\LiveOcean Logo.png = images\LiveOcean Logo.png
		images\LiveOcean zooplankton whale simple example.png = images\LiveOcean zooplankton whale simple example.png
		IPython Notebooks\LiveOcean.ipynb = IPython Notebooks\LiveOcean.ipynb
		images\LiveOceanLogoMedium.png = images\LiveOceanLogoMedium.png
		IPython Notebooks\LWDS Paper.ipynb = IPython Notebooks\LWDS Paper.ipynb
		images\marine trophic level diagram placeholder.png = images\marine trophic level diagram placeholder.png
		data\ocean_his_0004.nc = data\ocean_his_0004.nc
		percival_notes.txt = percival_notes.txt
		images\Python and Azure Tools.png = images\Python and Azure Tools.png
		data\R5903601_130.nc = data\R5903601_130.nc
		images\Rainbow Droplet Diagram.png = images\Rainbow Droplet Diagram.png
		IPython Notebooks\Rainbow.ipynb = IPython Notebooks\Rainbow.ipynb
		images\region of interest bing maps overlay surface salinity orange colormap.png = images\region of interest bing maps overlay surface salinity orange colormap.png
		images\region of interest with validation moorings indicated.png = images\region of interest with validation moorings indicated.png
		IPython Notebooks\Robs Resource Notebook.ipynb = IPython Notebooks\Robs Resource Notebook.ipynb
		images\ROMS model validation from Sidlecki.png = images\ROMS model validation from Sidlecki.png
		images\ROMS model validation from Siedlecki.png = images\ROMS model validation from Siedlecki.png
		IPython Notebooks\serp.ipynb = IPython Notebooks\serp.ipynb
		images\SplashImage.png = images\SplashImage.png
		data\sst.wkmean.1981-1989.nc = data\sst.wkmean.1981-1989.nc
		images\stack overflow image resize answer.png = images\stack overflow image resize answer.png
		data\T0008.CSV = data\T0008.CSV
		images\Visual Studio python code editor features.png = images\Visual Studio python code editor features.png
		images\VisualStudio_and_Microsoft_THE_POINT.png = images\VisualStudio_and_Microsoft_THE_POINT.png
		images\WB1.jpg = images\WB1.jpg
		images\WB2.jpg = images\WB2.jpg
		images\WB3.jpg = images\WB3.jpg
		images\WB4.jpg = images\WB4.jpg
		images\WB5.jpg = images\WB5.jpg
		images\WB6.jpg = images\WB6.jpg
		images\WB7.jpg = images\WB7.jpg
	EndProjectSection
EndProject
Project("{888888A0-9F3D-457C-B088-3A5042F75D52}") = "percival", "percival\percival.pyproj", "{BA17BA8B-A311-4A9F-BE0B-0AB67909C50F}"
EndProject
Project("{888888A0-9F3D-457C-B088-3A5042F75D52}") = "charm", "charm\charm.pyproj", "{B586136E-C0AC-4900-9867-C82D3C7DAA46}"
EndProject
Project("{888888A0-9F3D-457C-B088-3A5042F75D52}") = "knights", "knights\knights.pyproj", "{4DFAA46E-AE49-42BD-AA02-F69CE12A8591}"
EndProject
Project("{888888A0-9F3D-457C-B088-3A5042F75D52}") = "castle", "castle\castle.pyproj", "{F6576013-AD1B-40AA-8967-A02D0E764E98}"
EndProject
Project("{888888A0-9F3D-457C-B088-3A5042F75D52}") = "howto", "howto\howto.pyproj", "{B29EAE35-68D6-4797-A2BE-EB88DEB41717}"
EndProject
Project("{888888A0-9F3D-457C-B088-3A5042F75D52}") = "rob5araldif", "rob5araldif\rob5araldif.pyproj", "{E104514C-95F1-462A-BE72-0EDAEA9829E5}"
EndProject
Project("{888888A0-9F3D-457C-B088-3A5042F75D52}") = "vicsort", "vicsort\vicsort.pyproj", "{1875D618-D362-4985-BDD8-FF9809A34264}"
EndProject
Project("{888888A0-9F3D-457C-B088-3A5042F75D52}") = "charm_index", "charm_index\charm_index.pyproj", "{BFF60F11-F089-43B9-B347-80121EDDCF8B}"
EndProject
Project("{888888A0-9F3D-457C-B088-3A5042F75D52}") = "charm_validate", "charm_validate\charm_validate.pyproj", "{C06ECBBF-53D9-4AD4-A9A4-920C54A7F4DE}"
EndProject
Project("{888888A0-9F3D-457C-B088-3A5042F75D52}") = "charm_shuffle", "charm_shuffle\charm_shuffle.pyproj", "{F06A3E9F-A555-4B91-83A3-1A3FECDB61B7}"
EndProject
Project("{888888A0-9F3D-457C-B088-3A5042F75D52}") = "charm_subset", "charm_subset\charm_subset.pyproj", "{B848DD6D-8A32-44AA-9828-730335D4B021}"
EndProject
Project("{888888A0-9F3D-457C-B088-3A5042F75D52}") = "charm_kmeans", "charm_kmeans\charm_kmeans.pyproj", "{105880CE-F98F-4AA2-8C82-90353E2FF03F}"
EndProject
Project("{888888A0-9F3D-457C-B088-3A5042F75D52}") = "prophet", "prophet\prophet.pyproj", "{94B62051-F799-4AAD-B22C-6C2F61FA5683}"
EndProject
Project("{888888A0-9F3D-457C-B088-3A5042F75D52}") = "eucellipsis", "eucellipsis\eucellipsis.pyproj", "{93351442-042C-4A5B-99F3-65AB13CBFB91}"
EndProject
Project("{888888A0-9F3D-457C-B088-3A5042F75D52}") = "araldif2", "araldif2\araldif2.pyproj", "{EE5A5E6D-C764-4171-AD5C-F711A73BABDF}"
EndProject
Project("{888888A0-9F3D-457C-B088-3A5042F75D52}") = "ZeemanDataCleaner", "ZeemanDataCleaner\ZeemanDataCleaner.pyproj", "{249CD32C-5265-48B6-AB8C-6EF76D80BECC}"
EndProject
Project("{888888A0-9F3D-457C-B088-3A5042F75D52}") = "MS14Consolidate", "MS14Consolidate\MS14Consolidate.pyproj", "{A944E006-D5BA-46CC-A64F-C3713CB99D49}"
EndProject
Global
	GlobalSection(SolutionConfigurationPlatforms) = preSolution
		Debug|Any CPU = Debug|Any CPU
		Release|Any CPU = Release|Any CPU
	EndGlobalSection
	GlobalSection(ProjectConfigurationPlatforms) = postSolution
		{BA17BA8B-A311-4A9F-BE0B-0AB67909C50F}.Debug|Any CPU.ActiveCfg = Debug|Any CPU
		{BA17BA8B-A311-4A9F-BE0B-0AB67909C50F}.Release|Any CPU.ActiveCfg = Release|Any CPU
		{B586136E-C0AC-4900-9867-C82D3C7DAA46}.Debug|Any CPU.ActiveCfg = Debug|Any CPU
		{B586136E-C0AC-4900-9867-C82D3C7DAA46}.Release|Any CPU.ActiveCfg = Release|Any CPU
		{4DFAA46E-AE49-42BD-AA02-F69CE12A8591}.Debug|Any CPU.ActiveCfg = Debug|Any CPU
		{4DFAA46E-AE49-42BD-AA02-F69CE12A8591}.Release|Any CPU.ActiveCfg = Release|Any CPU
		{F6576013-AD1B-40AA-8967-A02D0E764E98}.Debug|Any CPU.ActiveCfg = Debug|Any CPU
		{F6576013-AD1B-40AA-8967-A02D0E764E98}.Release|Any CPU.ActiveCfg = Release|Any CPU
		{B29EAE35-68D6-4797-A2BE-EB88DEB41717}.Debug|Any CPU.ActiveCfg = Debug|Any CPU
		{B29EAE35-68D6-4797-A2BE-EB88DEB41717}.Release|Any CPU.ActiveCfg = Release|Any CPU
		{E104514C-95F1-462A-BE72-0EDAEA9829E5}.Debug|Any CPU.ActiveCfg = Debug|Any CPU
		{E104514C-95F1-462A-BE72-0EDAEA9829E5}.Debug|Any CPU.Build.0 = Debug|Any CPU
		{E104514C-95F1-462A-BE72-0EDAEA9829E5}.Release|Any CPU.ActiveCfg = Release|Any CPU
		{E104514C-95F1-462A-BE72-0EDAEA9829E5}.Release|Any CPU.Build.0 = Release|Any CPU
		{1875D618-D362-4985-BDD8-FF9809A34264}.Debug|Any CPU.ActiveCfg = Debug|Any CPU
		{1875D618-D362-4985-BDD8-FF9809A34264}.Release|Any CPU.ActiveCfg = Release|Any CPU
		{BFF60F11-F089-43B9-B347-80121EDDCF8B}.Debug|Any CPU.ActiveCfg = Debug|Any CPU
		{BFF60F11-F089-43B9-B347-80121EDDCF8B}.Release|Any CPU.ActiveCfg = Release|Any CPU
		{C06ECBBF-53D9-4AD4-A9A4-920C54A7F4DE}.Debug|Any CPU.ActiveCfg = Debug|Any CPU
		{C06ECBBF-53D9-4AD4-A9A4-920C54A7F4DE}.Release|Any CPU.ActiveCfg = Release|Any CPU
		{F06A3E9F-A555-4B91-83A3-1A3FECDB61B7}.Debug|Any CPU.ActiveCfg = Debug|Any CPU
		{F06A3E9F-A555-4B91-83A3-1A3FECDB61B7}.Release|Any CPU.ActiveCfg = Release|Any CPU
		{B848DD6D-8A32-44AA-9828-730335D4B021}.Debug|Any CPU.ActiveCfg = Debug|Any CPU
		{B848DD6D-8A32-44AA-9828-730335D4B021}.Release|Any CPU.ActiveCfg = Release|Any CPU
		{105880CE-F98F-4AA2-8C82-90353E2FF03F}.Debug|Any CPU.ActiveCfg = Debug|Any CPU
		{105880CE-F98F-4AA2-8C82-90353E2FF03F}.Release|Any CPU.ActiveCfg = Release|Any CPU
		{94B62051-F799-4AAD-B22C-6C2F61FA5683}.Debug|Any CPU.ActiveCfg = Debug|Any CPU
		{94B62051-F799-4AAD-B22C-6C2F61FA5683}.Debug|Any CPU.Build.0 = Debug|Any CPU
		{94B62051-F799-4AAD-B22C-6C2F61FA5683}.Release|Any CPU.ActiveCfg = Release|Any CPU
		{94B62051-F799-4AAD-B22C-6C2F61FA5683}.Release|Any CPU.Build.0 = Release|Any CPU
		{93351442-042C-4A5B-99F3-65AB13CBFB91}.Debug|Any CPU.ActiveCfg = Debug|Any CPU
		{93351442-042C-4A5B-99F3-65AB13CBFB91}.Release|Any CPU.ActiveCfg = Release|Any CPU
		{EE5A5E6D-C764-4171-AD5C-F711A73BABDF}.Debug|Any CPU.ActiveCfg = Debug|Any CPU
		{EE5A5E6D-C764-4171-AD5C-F711A73BABDF}.Debug|Any CPU.Build.0 = Debug|Any CPU
		{EE5A5E6D-C764-4171-AD5C-F711A73BABDF}.Release|Any CPU.ActiveCfg = Release|Any CPU
		{EE5A5E6D-C764-4171-AD5C-F711A73BABDF}.Release|Any CPU.Build.0 = Release|Any CPU
		{249CD32C-5265-48B6-AB8C-6EF76D80BECC}.Debug|Any CPU.ActiveCfg = Debug|Any CPU
		{249CD32C-5265-48B6-AB8C-6EF76D80BECC}.Release|Any CPU.ActiveCfg = Release|Any CPU
		{A944E006-D5BA-46CC-A64F-C3713CB99D49}.Debug|Any CPU.ActiveCfg = Debug|Any CPU
		{A944E006-D5BA-46CC-A64F-C3713CB99D49}.Release|Any CPU.ActiveCfg = Release|Any CPU
	EndGlobalSection
	GlobalSection(SolutionProperties) = preSolution
		HideSolutionNode = FALSE
	EndGlobalSection
EndGlobal
